[[package]]
category = "main"
description = "Better dates & times for Python"
name = "arrow"
optional = false
python-versions = ">=2.7, !=3.0.*, !=3.1.*, !=3.2.*, !=3.3.*, !=3.4.*"
version = "0.15.4"

[package.dependencies]
python-dateutil = "*"

[[package]]
category = "dev"
description = "Atomic file writes."
marker = "sys_platform == \"win32\""
name = "atomicwrites"
optional = false
python-versions = ">=2.7, !=3.0.*, !=3.1.*, !=3.2.*, !=3.3.*"
version = "1.3.0"

[[package]]
category = "dev"
description = "Classes Without Boilerplate"
name = "attrs"
optional = false
python-versions = ">=2.7, !=3.0.*, !=3.1.*, !=3.2.*, !=3.3.*"
version = "19.3.0"

[package.extras]
azure-pipelines = ["coverage", "hypothesis", "pympler", "pytest (>=4.3.0)", "six", "zope.interface", "pytest-azurepipelines"]
dev = ["coverage", "hypothesis", "pympler", "pytest (>=4.3.0)", "six", "zope.interface", "sphinx", "pre-commit"]
docs = ["sphinx", "zope.interface"]
tests = ["coverage", "hypothesis", "pympler", "pytest (>=4.3.0)", "six", "zope.interface"]

[[package]]
category = "main"
description = "Riot Games Developer API Wrapper (3rd Party)"
name = "cassiopeia"
optional = false
python-versions = "*"
version = "4.0.8"

[package.dependencies]
Pillow = "*"
arrow = "*"
datapipelines = ">=1.0.7"
merakicommons = ">=1.0.7"
requests = "*"

[[package]]
category = "main"
description = "Python package for providing Mozilla's CA Bundle."
name = "certifi"
optional = false
python-versions = "*"
version = "2019.11.28"

[[package]]
category = "main"
description = "Universal encoding detector for Python 2 and 3"
name = "chardet"
optional = false
python-versions = "*"
version = "3.0.4"

[[package]]
category = "dev"
description = "Cross-platform colored terminal text."
marker = "sys_platform == \"win32\""
name = "colorama"
optional = false
python-versions = ">=2.7, !=3.0.*, !=3.1.*, !=3.2.*, !=3.3.*, !=3.4.*"
version = "0.4.3"

[[package]]
category = "main"
description = "Caching abstraction layer for orchestrating multiple cache tiers"
name = "datapipelines"
optional = false
python-versions = "*"
version = "1.0.7"

[package.dependencies]
merakicommons = "*"
networkx = "*"

[package.extras]
testing = ["pytest", "flake8"]

[[package]]
category = "main"
description = "Decorators for Humans"
name = "decorator"
optional = false
python-versions = ">=2.6, !=3.0.*, !=3.1.*"
version = "4.4.1"

[[package]]
category = "main"
description = "Read and write HDF5 files from Python"
name = "h5py"
optional = false
python-versions = "*"
version = "2.10.0"

[package.dependencies]
numpy = ">=1.7"
six = "*"

[[package]]
category = "main"
description = "Internationalized Domain Names in Applications (IDNA)"
name = "idna"
optional = false
python-versions = ">=2.7, !=3.0.*, !=3.1.*, !=3.2.*, !=3.3.*"
version = "2.8"

[[package]]
category = "dev"
description = "Read metadata from Python packages"
marker = "python_version < \"3.8\""
name = "importlib-metadata"
optional = false
python-versions = "!=3.0.*,!=3.1.*,!=3.2.*,!=3.3.*,!=3.4.*,>=2.7"
version = "1.3.0"

[package.dependencies]
zipp = ">=0.5"

[package.extras]
docs = ["sphinx", "rst.linker"]
testing = ["packaging", "importlib-resources"]

[[package]]
category = "main"
description = "Deep Learning for humans"
name = "keras"
optional = false
python-versions = "*"
version = "2.3.1"

[package.dependencies]
h5py = "*"
keras-applications = ">=1.0.6"
keras-preprocessing = ">=1.0.5"
numpy = ">=1.9.1"
pyyaml = "*"
scipy = ">=0.14"
six = ">=1.9.0"

[package.extras]
tests = ["pytest", "pytest-pep8", "pytest-xdist", "flaky", "pytest-cov", "pandas", "requests", "markdown"]
visualize = ["pydot (>=1.2.4)"]

[[package]]
category = "main"
description = "Reference implementations of popular deep learning models"
name = "keras-applications"
optional = false
python-versions = "*"
version = "1.0.8"

[package.dependencies]
h5py = "*"
numpy = ">=1.9.1"

[package.extras]
tests = ["pytest", "pytest-pep8", "pytest-xdist", "pytest-cov"]

[[package]]
category = "main"
description = "Easy data preprocessing and data augmentation for deep learning models"
name = "keras-preprocessing"
optional = false
python-versions = "*"
version = "1.1.0"

[package.dependencies]
numpy = ">=1.9.1"
six = ">=1.9.0"

[package.extras]
image = ["scipy (>=0.14)", "Pillow (>=5.2.0)"]
pep8 = ["flake8"]
tests = ["pandas", "pillow", "tensorflow (1.7)", "keras", "pytest", "pytest-xdist", "pytest-cov"]

[[package]]
category = "main"
description = "Common toolset for Meraki Analaytics projects"
name = "merakicommons"
optional = false
python-versions = "*"
version = "1.0.9"

[package.extras]
testing = ["pytest", "flake8"]

[[package]]
category = "dev"
description = "More routines for operating on iterables, beyond itertools"
name = "more-itertools"
optional = false
python-versions = ">=3.5"
version = "8.0.2"

[[package]]
category = "main"
description = "Python package for creating and manipulating graphs and networks"
name = "networkx"
optional = false
python-versions = ">=3.5"
version = "2.4"

[package.dependencies]
decorator = ">=4.3.0"

[package.extras]
all = ["numpy", "scipy", "pandas", "matplotlib", "pygraphviz", "pydot", "pyyaml", "gdal", "lxml", "pytest"]
gdal = ["gdal"]
lxml = ["lxml"]
matplotlib = ["matplotlib"]
numpy = ["numpy"]
pandas = ["pandas"]
pydot = ["pydot"]
pygraphviz = ["pygraphviz"]
pytest = ["pytest"]
pyyaml = ["pyyaml"]
scipy = ["scipy"]

[[package]]
category = "main"
description = "NumPy is the fundamental package for array computing with Python."
name = "numpy"
optional = false
python-versions = ">=3.5"
version = "1.18.0"

[[package]]
category = "dev"
description = "Core utilities for Python packages"
name = "packaging"
optional = false
python-versions = ">=2.7, !=3.0.*, !=3.1.*, !=3.2.*, !=3.3.*"
version = "19.2"

[package.dependencies]
pyparsing = ">=2.0.2"
six = "*"

[[package]]
category = "main"
description = "Python Imaging Library (Fork)"
name = "pillow"
optional = false
python-versions = ">=2.7, !=3.0.*, !=3.1.*, !=3.2.*, !=3.3.*, !=3.4.*"
version = "6.2.1"

[[package]]
category = "dev"
description = "plugin and hook calling mechanisms for python"
name = "pluggy"
optional = false
python-versions = ">=2.7, !=3.0.*, !=3.1.*, !=3.2.*, !=3.3.*"
version = "0.13.1"

[package.dependencies]
[package.dependencies.importlib-metadata]
python = "<3.8"
version = ">=0.12"

[package.extras]
dev = ["pre-commit", "tox"]

[[package]]
category = "dev"
description = "library with cross-python path, ini-parsing, io, code, log facilities"
name = "py"
optional = false
python-versions = ">=2.7, !=3.0.*, !=3.1.*, !=3.2.*, !=3.3.*"
version = "1.8.0"

[[package]]
category = "dev"
description = "Python parsing module"
name = "pyparsing"
optional = false
python-versions = ">=2.6, !=3.0.*, !=3.1.*, !=3.2.*"
version = "2.4.6"

[[package]]
category = "dev"
description = "pytest: simple powerful testing with Python"
name = "pytest"
optional = false
python-versions = ">=3.5"
version = "5.3.2"

[package.dependencies]
atomicwrites = ">=1.0"
attrs = ">=17.4.0"
colorama = "*"
more-itertools = ">=4.0.0"
packaging = "*"
pluggy = ">=0.12,<1.0"
py = ">=1.5.0"
wcwidth = "*"

[package.dependencies.importlib-metadata]
python = "<3.8"
version = ">=0.12"

[package.extras]
testing = ["argcomplete", "hypothesis (>=3.56)", "mock", "nose", "requests", "xmlschema"]

[[package]]
category = "main"
description = "Extensions to the standard Python datetime module"
name = "python-dateutil"
optional = false
python-versions = "!=3.0.*,!=3.1.*,!=3.2.*,>=2.7"
version = "2.8.1"

[package.dependencies]
six = ">=1.5"

[[package]]
category = "main"
description = "YAML parser and emitter for Python"
name = "pyyaml"
optional = false
python-versions = "*"
version = "5.2"

[[package]]
category = "main"
description = "Python HTTP for Humans."
name = "requests"
optional = false
python-versions = ">=2.7, !=3.0.*, !=3.1.*, !=3.2.*, !=3.3.*, !=3.4.*"
version = "2.22.0"

[package.dependencies]
certifi = ">=2017.4.17"
chardet = ">=3.0.2,<3.1.0"
idna = ">=2.5,<2.9"
urllib3 = ">=1.21.1,<1.25.0 || >1.25.0,<1.25.1 || >1.25.1,<1.26"

[package.extras]
security = ["pyOpenSSL (>=0.14)", "cryptography (>=1.3.4)", "idna (>=2.0.0)"]
socks = ["PySocks (>=1.5.6,<1.5.7 || >1.5.7)", "win-inet-pton"]

[[package]]
category = "main"
description = "SciPy: Scientific Library for Python"
name = "scipy"
optional = false
python-versions = ">=3.5"
version = "1.4.1"

[package.dependencies]
numpy = ">=1.13.3"

[[package]]
category = "main"
description = "Python 2 and 3 compatibility utilities"
name = "six"
optional = false
python-versions = ">=2.6, !=3.0.*, !=3.1.*"
version = "1.13.0"

[[package]]
category = "main"
description = "HTTP library with thread-safe connection pooling, file post, and more."
name = "urllib3"
optional = false
python-versions = ">=2.7, !=3.0.*, !=3.1.*, !=3.2.*, !=3.3.*, <4"
version = "1.25.7"

[package.extras]
brotli = ["brotlipy (>=0.6.0)"]
secure = ["pyOpenSSL (>=0.14)", "cryptography (>=1.3.4)", "idna (>=2.0.0)", "certifi", "ipaddress"]
socks = ["PySocks (>=1.5.6,<1.5.7 || >1.5.7,<2.0)"]

[[package]]
category = "dev"
description = "Measures number of Terminal column cells of wide-character codes"
name = "wcwidth"
optional = false
python-versions = "*"
version = "0.1.7"

[[package]]
category = "dev"
description = "Backport of pathlib-compatible object wrapper for zip files"
marker = "python_version < \"3.8\""
name = "zipp"
optional = false
python-versions = ">=2.7"
version = "0.6.0"

[package.dependencies]
more-itertools = "*"

[package.extras]
docs = ["sphinx", "jaraco.packaging (>=3.2)", "rst.linker (>=1.9)"]
testing = ["pathlib2", "contextlib2", "unittest2"]

[metadata]
content-hash = "c14780d872058d5e087f3df7013be4d7958fb95aaf782ad7ce98c68f6c154eda"
python-versions = "^3.6"

[metadata.files]
arrow = [
    {file = "arrow-0.15.4-py2.py3-none-any.whl", hash = "sha256:01a16d8a93eddf86a29237f32ae36b29c27f047e79312eb4df5d55fd5a2b3183"},
    {file = "arrow-0.15.4.tar.gz", hash = "sha256:e1a318a4c0b787833ae46302c02488b6eeef413c6a13324b3261ad320f21ec1e"},
]
atomicwrites = [
    {file = "atomicwrites-1.3.0-py2.py3-none-any.whl", hash = "sha256:03472c30eb2c5d1ba9227e4c2ca66ab8287fbfbbda3888aa93dc2e28fc6811b4"},
    {file = "atomicwrites-1.3.0.tar.gz", hash = "sha256:75a9445bac02d8d058d5e1fe689654ba5a6556a1dfd8ce6ec55a0ed79866cfa6"},
]
attrs = [
    {file = "attrs-19.3.0-py2.py3-none-any.whl", hash = "sha256:08a96c641c3a74e44eb59afb61a24f2cb9f4d7188748e76ba4bb5edfa3cb7d1c"},
    {file = "attrs-19.3.0.tar.gz", hash = "sha256:f7b7ce16570fe9965acd6d30101a28f62fb4a7f9e926b3bbc9b61f8b04247e72"},
]
cassiopeia = [
    {file = "cassiopeia-4.0.8.tar.gz", hash = "sha256:67af7a1cf12bd25779a47e52f7d136e9643c48cc9b901bc3a9ec773e8b12d07c"},
]
certifi = [
    {file = "certifi-2019.11.28-py2.py3-none-any.whl", hash = "sha256:017c25db2a153ce562900032d5bc68e9f191e44e9a0f762f373977de9df1fbb3"},
    {file = "certifi-2019.11.28.tar.gz", hash = "sha256:25b64c7da4cd7479594d035c08c2d809eb4aab3a26e5a990ea98cc450c320f1f"},
]
chardet = [
    {file = "chardet-3.0.4-py2.py3-none-any.whl", hash = "sha256:fc323ffcaeaed0e0a02bf4d117757b98aed530d9ed4531e3e15460124c106691"},
    {file = "chardet-3.0.4.tar.gz", hash = "sha256:84ab92ed1c4d4f16916e05906b6b75a6c0fb5db821cc65e70cbd64a3e2a5eaae"},
]
colorama = [
    {file = "colorama-0.4.3-py2.py3-none-any.whl", hash = "sha256:7d73d2a99753107a36ac6b455ee49046802e59d9d076ef8e47b61499fa29afff"},
    {file = "colorama-0.4.3.tar.gz", hash = "sha256:e96da0d330793e2cb9485e9ddfd918d456036c7149416295932478192f4436a1"},
]
datapipelines = [
    {file = "datapipelines-1.0.7.tar.gz", hash = "sha256:752bc71a1e03a45d723fc4d9b56c641ed0b872ed1df73b08896ee34d93c56e8f"},
]
decorator = [
    {file = "decorator-4.4.1-py2.py3-none-any.whl", hash = "sha256:5d19b92a3c8f7f101c8dd86afd86b0f061a8ce4540ab8cd401fa2542756bce6d"},
    {file = "decorator-4.4.1.tar.gz", hash = "sha256:54c38050039232e1db4ad7375cfce6748d7b41c29e95a081c8a6d2c30364a2ce"},
]
h5py = [
    {file = "h5py-2.10.0-cp27-cp27m-macosx_10_6_intel.whl", hash = "sha256:ecf4d0b56ee394a0984de15bceeb97cbe1fe485f1ac205121293fc44dcf3f31f"},
    {file = "h5py-2.10.0-cp27-cp27m-manylinux1_i686.whl", hash = "sha256:86868dc07b9cc8cb7627372a2e6636cdc7a53b7e2854ad020c9e9d8a4d3fd0f5"},
    {file = "h5py-2.10.0-cp27-cp27m-manylinux1_x86_64.whl", hash = "sha256:aac4b57097ac29089f179bbc2a6e14102dd210618e94d77ee4831c65f82f17c0"},
    {file = "h5py-2.10.0-cp27-cp27m-win32.whl", hash = "sha256:7be5754a159236e95bd196419485343e2b5875e806fe68919e087b6351f40a70"},
    {file = "h5py-2.10.0-cp27-cp27m-win_amd64.whl", hash = "sha256:13c87efa24768a5e24e360a40e0bc4c49bcb7ce1bb13a3a7f9902cec302ccd36"},
    {file = "h5py-2.10.0-cp27-cp27mu-manylinux1_i686.whl", hash = "sha256:79b23f47c6524d61f899254f5cd5e486e19868f1823298bc0c29d345c2447172"},
    {file = "h5py-2.10.0-cp27-cp27mu-manylinux1_x86_64.whl", hash = "sha256:cbf28ae4b5af0f05aa6e7551cee304f1d317dbed1eb7ac1d827cee2f1ef97a99"},
    {file = "h5py-2.10.0-cp34-cp34m-manylinux1_i686.whl", hash = "sha256:c0d4b04bbf96c47b6d360cd06939e72def512b20a18a8547fa4af810258355d5"},
    {file = "h5py-2.10.0-cp34-cp34m-manylinux1_x86_64.whl", hash = "sha256:549ad124df27c056b2e255ea1c44d30fb7a17d17676d03096ad5cd85edb32dc1"},
    {file = "h5py-2.10.0-cp35-cp35m-macosx_10_6_intel.whl", hash = "sha256:a5f82cd4938ff8761d9760af3274acf55afc3c91c649c50ab18fcff5510a14a5"},
    {file = "h5py-2.10.0-cp35-cp35m-manylinux1_i686.whl", hash = "sha256:3dad1730b6470fad853ef56d755d06bb916ee68a3d8272b3bab0c1ddf83bb99e"},
    {file = "h5py-2.10.0-cp35-cp35m-manylinux1_x86_64.whl", hash = "sha256:063947eaed5f271679ed4ffa36bb96f57bc14f44dd4336a827d9a02702e6ce6b"},
    {file = "h5py-2.10.0-cp35-cp35m-win32.whl", hash = "sha256:c54a2c0dd4957776ace7f95879d81582298c5daf89e77fb8bee7378f132951de"},
    {file = "h5py-2.10.0-cp35-cp35m-win_amd64.whl", hash = "sha256:6998be619c695910cb0effe5eb15d3a511d3d1a5d217d4bd0bebad1151ec2262"},
    {file = "h5py-2.10.0-cp36-cp36m-macosx_10_6_intel.whl", hash = "sha256:ff7d241f866b718e4584fa95f520cb19405220c501bd3a53ee11871ba5166ea2"},
    {file = "h5py-2.10.0-cp36-cp36m-manylinux1_i686.whl", hash = "sha256:54817b696e87eb9e403e42643305f142cd8b940fe9b3b490bbf98c3b8a894cf4"},
    {file = "h5py-2.10.0-cp36-cp36m-manylinux1_x86_64.whl", hash = "sha256:d3c59549f90a891691991c17f8e58c8544060fdf3ccdea267100fa5f561ff62f"},
    {file = "h5py-2.10.0-cp36-cp36m-win32.whl", hash = "sha256:d7ae7a0576b06cb8e8a1c265a8bc4b73d05fdee6429bffc9a26a6eb531e79d72"},
    {file = "h5py-2.10.0-cp36-cp36m-win_amd64.whl", hash = "sha256:bffbc48331b4a801d2f4b7dac8a72609f0b10e6e516e5c480a3e3241e091c878"},
    {file = "h5py-2.10.0-cp37-cp37m-macosx_10_6_intel.whl", hash = "sha256:51ae56894c6c93159086ffa2c94b5b3388c0400548ab26555c143e7cfa05b8e5"},
    {file = "h5py-2.10.0-cp37-cp37m-manylinux1_i686.whl", hash = "sha256:16ead3c57141101e3296ebeed79c9c143c32bdd0e82a61a2fc67e8e6d493e9d1"},
    {file = "h5py-2.10.0-cp37-cp37m-manylinux1_x86_64.whl", hash = "sha256:f0e25bb91e7a02efccb50aba6591d3fe2c725479e34769802fcdd4076abfa917"},
    {file = "h5py-2.10.0-cp37-cp37m-win32.whl", hash = "sha256:f23951a53d18398ef1344c186fb04b26163ca6ce449ebd23404b153fd111ded9"},
    {file = "h5py-2.10.0-cp37-cp37m-win_amd64.whl", hash = "sha256:8bb1d2de101f39743f91512a9750fb6c351c032e5cd3204b4487383e34da7f75"},
    {file = "h5py-2.10.0-cp38-cp38-macosx_10_9_x86_64.whl", hash = "sha256:64f74da4a1dd0d2042e7d04cf8294e04ddad686f8eba9bb79e517ae582f6668d"},
    {file = "h5py-2.10.0-cp38-cp38-manylinux1_x86_64.whl", hash = "sha256:d35f7a3a6cefec82bfdad2785e78359a0e6a5fbb3f605dd5623ce88082ccd681"},
    {file = "h5py-2.10.0-cp38-cp38-win32.whl", hash = "sha256:6ef7ab1089e3ef53ca099038f3c0a94d03e3560e6aff0e9d6c64c55fb13fc681"},
    {file = "h5py-2.10.0-cp38-cp38-win_amd64.whl", hash = "sha256:769e141512b54dee14ec76ed354fcacfc7d97fea5a7646b709f7400cf1838630"},
    {file = "h5py-2.10.0.tar.gz", hash = "sha256:84412798925dc870ffd7107f045d7659e60f5d46d1c70c700375248bf6bf512d"},
]
idna = [
    {file = "idna-2.8-py2.py3-none-any.whl", hash = "sha256:ea8b7f6188e6fa117537c3df7da9fc686d485087abf6ac197f9c46432f7e4a3c"},
    {file = "idna-2.8.tar.gz", hash = "sha256:c357b3f628cf53ae2c4c05627ecc484553142ca23264e593d327bcde5e9c3407"},
]
importlib-metadata = [
    {file = "importlib_metadata-1.3.0-py2.py3-none-any.whl", hash = "sha256:d95141fbfa7ef2ec65cfd945e2af7e5a6ddbd7c8d9a25e66ff3be8e3daf9f60f"},
    {file = "importlib_metadata-1.3.0.tar.gz", hash = "sha256:073a852570f92da5f744a3472af1b61e28e9f78ccf0c9117658dc32b15de7b45"},
]
keras = [
    {file = "Keras-2.3.1-py2.py3-none-any.whl", hash = "sha256:d08a57bd63546175f8f19232ba05906514d419da3e0af8ef7437fa1c11442e20"},
    {file = "Keras-2.3.1.tar.gz", hash = "sha256:321d43772006a25a1d58eea17401ef2a34d388b588c9f7646c34796151ebc8cc"},
]
keras-applications = [
    {file = "Keras_Applications-1.0.8-py3-none-any.whl", hash = "sha256:df4323692b8c1174af821bf906f1e442e63fa7589bf0f1230a0b6bdc5a810c95"},
    {file = "Keras_Applications-1.0.8.tar.gz", hash = "sha256:5579f9a12bcde9748f4a12233925a59b93b73ae6947409ff34aa2ba258189fe5"},
]
keras-preprocessing = [
    {file = "Keras_Preprocessing-1.1.0-py2.py3-none-any.whl", hash = "sha256:44aee5f2c4d80c3b29f208359fcb336df80f293a0bb6b1c738da43ca206656fb"},
    {file = "Keras_Preprocessing-1.1.0.tar.gz", hash = "sha256:5a8debe01d840de93d49e05ccf1c9b81ae30e210d34dacbcc47aeb3049b528e5"},
]
merakicommons = [
    {file = "merakicommons-1.0.9.tar.gz", hash = "sha256:7571b3a99cdd13d3adf546266dee89c0fd36eed11e018de9331bf34dcc3d0ca3"},
]
more-itertools = [
    {file = "more-itertools-8.0.2.tar.gz", hash = "sha256:b84b238cce0d9adad5ed87e745778d20a3f8487d0f0cb8b8a586816c7496458d"},
    {file = "more_itertools-8.0.2-py3-none-any.whl", hash = "sha256:c833ef592a0324bcc6a60e48440da07645063c453880c9477ceb22490aec1564"},
]
networkx = [
    {file = "networkx-2.4-py3-none-any.whl", hash = "sha256:cdfbf698749a5014bf2ed9db4a07a5295df1d3a53bf80bf3cbd61edf9df05fa1"},
    {file = "networkx-2.4.tar.gz", hash = "sha256:f8f4ff0b6f96e4f9b16af6b84622597b5334bf9cae8cf9b2e42e7985d5c95c64"},
]
numpy = [
    {file = "numpy-1.18.0-cp35-cp35m-macosx_10_6_intel.whl", hash = "sha256:b091e5d4cbbe79f0e8b6b6b522346e54a282eadb06e3fd761e9b6fafc2ca91ad"},
    {file = "numpy-1.18.0-cp35-cp35m-manylinux1_i686.whl", hash = "sha256:443ab93fc35b31f01db8704681eb2fd82f3a1b2fa08eed2dd0e71f1f57423d4a"},
    {file = "numpy-1.18.0-cp35-cp35m-manylinux1_x86_64.whl", hash = "sha256:88c5ccbc4cadf39f32193a5ef22e3f84674418a9fd877c63322917ae8f295a56"},
    {file = "numpy-1.18.0-cp35-cp35m-win32.whl", hash = "sha256:e1080e37c090534adb2dd7ae1c59ee883e5d8c3e63d2a4d43c20ee348d0459c5"},
    {file = "numpy-1.18.0-cp35-cp35m-win_amd64.whl", hash = "sha256:f084d513de729ff10cd72a1f80db468cff464fedb1ef2fea030221a0f62d7ff4"},
    {file = "numpy-1.18.0-cp36-cp36m-macosx_10_9_x86_64.whl", hash = "sha256:1baefd1fb4695e7f2e305467dbd876d765e6edd30c522894df76f8301efaee36"},
    {file = "numpy-1.18.0-cp36-cp36m-manylinux1_i686.whl", hash = "sha256:cc070fc43a494e42732d6ae2f6621db040611c1dde64762a40c8418023af56d7"},
    {file = "numpy-1.18.0-cp36-cp36m-manylinux1_x86_64.whl", hash = "sha256:6f8113c8dbfc192b58996ee77333696469ea121d1c44ea429d8fd266e4c6be51"},
    {file = "numpy-1.18.0-cp36-cp36m-win32.whl", hash = "sha256:a30f5c3e1b1b5d16ec1f03f4df28e08b8a7529d8c920bbed657f4fde61f1fbcd"},
    {file = "numpy-1.18.0-cp36-cp36m-win_amd64.whl", hash = "sha256:3c68c827689ca0ca713dba598335073ce0966850ec0b30715527dce4ecd84055"},
    {file = "numpy-1.18.0-cp37-cp37m-macosx_10_9_x86_64.whl", hash = "sha256:f6a7421da632fc01e8a3ecd19c3f7350258d82501a646747664bae9c6a87c731"},
    {file = "numpy-1.18.0-cp37-cp37m-manylinux1_i686.whl", hash = "sha256:905cd6fa6ac14654a6a32b21fad34670e97881d832e24a3ca32e19b455edb4a8"},
    {file = "numpy-1.18.0-cp37-cp37m-manylinux1_x86_64.whl", hash = "sha256:854f6ed4fa91fa6da5d764558804ba5b0f43a51e5fe9fc4fdc93270b052f188a"},
    {file = "numpy-1.18.0-cp37-cp37m-win32.whl", hash = "sha256:ac3cf835c334fcc6b74dc4e630f9b5ff7b4c43f7fb2a7813208d95d4e10b5623"},
    {file = "numpy-1.18.0-cp37-cp37m-win_amd64.whl", hash = "sha256:62506e9e4d2a39c87984f081a2651d4282a1d706b1a82fe9d50a559bb58e705a"},
    {file = "numpy-1.18.0-cp38-cp38-macosx_10_9_x86_64.whl", hash = "sha256:9d6de2ad782aae68f7ed0e0e616477fbf693d6d7cc5f0f1505833ff12f84a673"},
    {file = "numpy-1.18.0-cp38-cp38-manylinux1_i686.whl", hash = "sha256:1c35fb1131362e6090d30286cfda52ddd42e69d3e2bf1fea190a0fad83ea3a18"},
    {file = "numpy-1.18.0-cp38-cp38-manylinux1_x86_64.whl", hash = "sha256:56710a756c5009af9f35b91a22790701420406d9ac24cf6b652b0e22cfbbb7ff"},
    {file = "numpy-1.18.0-cp38-cp38-win32.whl", hash = "sha256:03bbde29ac8fba860bb2c53a1525b3604a9b60417855ac3119d89868ec6041c3"},
    {file = "numpy-1.18.0-cp38-cp38-win_amd64.whl", hash = "sha256:712f0c32555132f4b641b918bdb1fd3c692909ae916a233ce7f50eac2de87e37"},
    {file = "numpy-1.18.0.zip", hash = "sha256:a9d72d9abaf65628f0f31bbb573b7d9304e43b1e6bbae43149c17737a42764c4"},
]
packaging = [
    {file = "packaging-19.2-py2.py3-none-any.whl", hash = "sha256:d9551545c6d761f3def1677baf08ab2a3ca17c56879e70fecba2fc4dde4ed108"},
    {file = "packaging-19.2.tar.gz", hash = "sha256:28b924174df7a2fa32c1953825ff29c61e2f5e082343165438812f00d3a7fc47"},
]
pillow = [
    {file = "Pillow-6.2.1-cp27-cp27m-macosx_10_6_intel.whl", hash = "sha256:4ac6148008c169603070c092e81f88738f1a0c511e07bd2bb0f9ef542d375da9"},
    {file = "Pillow-6.2.1-cp27-cp27m-manylinux1_i686.whl", hash = "sha256:4aad1b88933fd6dc2846552b89ad0c74ddbba2f0884e2c162aa368374bf5abab"},
    {file = "Pillow-6.2.1-cp27-cp27m-manylinux1_x86_64.whl", hash = "sha256:c710fcb7ee32f67baf25aa9ffede4795fd5d93b163ce95fdc724383e38c9df96"},
    {file = "Pillow-6.2.1-cp27-cp27m-win32.whl", hash = "sha256:e9a3edd5f714229d41057d56ac0f39ad9bdba6767e8c888c951869f0bdd129b0"},
    {file = "Pillow-6.2.1-cp27-cp27m-win_amd64.whl", hash = "sha256:b1ae48d87f10d1384e5beecd169c77502fcc04a2c00a4c02b85f0a94b419e5f9"},
    {file = "Pillow-6.2.1-cp27-cp27mu-manylinux1_i686.whl", hash = "sha256:a423c2ea001c6265ed28700df056f75e26215fd28c001e93ef4380b0f05f9547"},
    {file = "Pillow-6.2.1-cp27-cp27mu-manylinux1_x86_64.whl", hash = "sha256:9f5529fc02009f96ba95bea48870173426879dc19eec49ca8e08cd63ecd82ddb"},
    {file = "Pillow-6.2.1-cp35-cp35m-macosx_10_6_intel.whl", hash = "sha256:5cc901c2ab9409b4b7ac7b5bcc3e86ac14548627062463da0af3b6b7c555a871"},
    {file = "Pillow-6.2.1-cp35-cp35m-manylinux1_i686.whl", hash = "sha256:c6414f6aad598364aaf81068cabb077894eb88fed99c6a65e6e8217bab62ae7a"},
    {file = "Pillow-6.2.1-cp35-cp35m-manylinux1_x86_64.whl", hash = "sha256:384b12c9aa8ef95558abdcb50aada56d74bc7cc131dd62d28c2d0e4d3aadd573"},
    {file = "Pillow-6.2.1-cp35-cp35m-win32.whl", hash = "sha256:248cffc168896982f125f5c13e9317c059f74fffdb4152893339f3be62a01340"},
    {file = "Pillow-6.2.1-cp35-cp35m-win_amd64.whl", hash = "sha256:285edafad9bc60d96978ed24d77cdc0b91dace88e5da8c548ba5937c425bca8b"},
    {file = "Pillow-6.2.1-cp36-cp36m-macosx_10_6_intel.whl", hash = "sha256:846fa202bd7ee0f6215c897a1d33238ef071b50766339186687bd9b7a6d26ac5"},
    {file = "Pillow-6.2.1-cp36-cp36m-manylinux1_i686.whl", hash = "sha256:7ce80c0a65a6ea90ef9c1f63c8593fcd2929448613fc8da0adf3e6bfad669d08"},
    {file = "Pillow-6.2.1-cp36-cp36m-manylinux1_x86_64.whl", hash = "sha256:e0697b826da6c2472bb6488db4c0a7fa8af0d52fa08833ceb3681358914b14e5"},
    {file = "Pillow-6.2.1-cp36-cp36m-win32.whl", hash = "sha256:047d9473cf68af50ac85f8ee5d5f21a60f849bc17d348da7fc85711287a75031"},
    {file = "Pillow-6.2.1-cp36-cp36m-win_amd64.whl", hash = "sha256:83792cb4e0b5af480588601467c0764242b9a483caea71ef12d22a0d0d6bdce2"},
    {file = "Pillow-6.2.1-cp37-cp37m-macosx_10_6_intel.whl", hash = "sha256:c9e5ffb910b14f090ac9c38599063e354887a5f6d7e6d26795e916b4514f2c1a"},
    {file = "Pillow-6.2.1-cp37-cp37m-manylinux1_i686.whl", hash = "sha256:4deb1d2a45861ae6f0b12ea0a786a03d19d29edcc7e05775b85ec2877cb54c5e"},
    {file = "Pillow-6.2.1-cp37-cp37m-manylinux1_x86_64.whl", hash = "sha256:0f66dc6c8a3cc319561a633b6aa82c44107f12594643efa37210d8c924fc1c71"},
    {file = "Pillow-6.2.1-cp37-cp37m-win32.whl", hash = "sha256:59aa2c124df72cc75ed72c8d6005c442d4685691a30c55321e00ed915ad1a291"},
    {file = "Pillow-6.2.1-cp37-cp37m-win_amd64.whl", hash = "sha256:6c1db03e8dff7b9f955a0fb9907eb9ca5da75b5ce056c0c93d33100a35050281"},
    {file = "Pillow-6.2.1-cp38-cp38-macosx_10_9_x86_64.whl", hash = "sha256:12c9169c4e8fe0a7329e8658c7e488001f6b4c8e88740e76292c2b857af2e94c"},
    {file = "Pillow-6.2.1-cp38-cp38-manylinux1_i686.whl", hash = "sha256:27faf0552bf8c260a5cee21a76e031acaea68babb64daf7e8f2e2540745082aa"},
    {file = "Pillow-6.2.1-cp38-cp38-manylinux1_x86_64.whl", hash = "sha256:809c19241c14433c5d6135e1b6c72da4e3b56d5c865ad5736ab99af8896b8f41"},
    {file = "Pillow-6.2.1-cp38-cp38-win32.whl", hash = "sha256:ac4428094b42907aba5879c7c000d01c8278d451a3b7cccd2103e21f6397ea75"},
    {file = "Pillow-6.2.1-cp38-cp38-win_amd64.whl", hash = "sha256:38950b3a707f6cef09cd3cbb142474357ad1a985ceb44d921bdf7b4647b3e13e"},
    {file = "Pillow-6.2.1-pp272-pypy_41-win32.whl", hash = "sha256:5a47d2123a9ec86660fe0e8d0ebf0aa6bc6a17edc63f338b73ea20ba11713f12"},
    {file = "Pillow-6.2.1-pp372-pp372-win32.whl", hash = "sha256:c7be4b8a09852291c3c48d3c25d1b876d2494a0a674980089ac9d5e0d78bd132"},
    {file = "Pillow-6.2.1.tar.gz", hash = "sha256:bf4e972a88f8841d8fdc6db1a75e0f8d763e66e3754b03006cbc3854d89f1cb1"},
]
pluggy = [
    {file = "pluggy-0.13.1-py2.py3-none-any.whl", hash = "sha256:966c145cd83c96502c3c3868f50408687b38434af77734af1e9ca461a4081d2d"},
    {file = "pluggy-0.13.1.tar.gz", hash = "sha256:15b2acde666561e1298d71b523007ed7364de07029219b604cf808bfa1c765b0"},
]
py = [
    {file = "py-1.8.0-py2.py3-none-any.whl", hash = "sha256:64f65755aee5b381cea27766a3a147c3f15b9b6b9ac88676de66ba2ae36793fa"},
    {file = "py-1.8.0.tar.gz", hash = "sha256:dc639b046a6e2cff5bbe40194ad65936d6ba360b52b3c3fe1d08a82dd50b5e53"},
]
pyparsing = [
    {file = "pyparsing-2.4.6-py2.py3-none-any.whl", hash = "sha256:c342dccb5250c08d45fd6f8b4a559613ca603b57498511740e65cd11a2e7dcec"},
    {file = "pyparsing-2.4.6.tar.gz", hash = "sha256:4c830582a84fb022400b85429791bc551f1f4871c33f23e44f353119e92f969f"},
]
pytest = [
    {file = "pytest-5.3.2-py3-none-any.whl", hash = "sha256:e41d489ff43948babd0fad7ad5e49b8735d5d55e26628a58673c39ff61d95de4"},
    {file = "pytest-5.3.2.tar.gz", hash = "sha256:6b571215b5a790f9b41f19f3531c53a45cf6bb8ef2988bc1ff9afb38270b25fa"},
]
python-dateutil = [
    {file = "python-dateutil-2.8.1.tar.gz", hash = "sha256:73ebfe9dbf22e832286dafa60473e4cd239f8592f699aa5adaf10050e6e1823c"},
    {file = "python_dateutil-2.8.1-py2.py3-none-any.whl", hash = "sha256:75bb3f31ea686f1197762692a9ee6a7550b59fc6ca3a1f4b5d7e32fb98e2da2a"},
]
pyyaml = [
    {file = "PyYAML-5.2-cp27-cp27m-win32.whl", hash = "sha256:35ace9b4147848cafac3db142795ee42deebe9d0dad885ce643928e88daebdcc"},
    {file = "PyYAML-5.2-cp27-cp27m-win_amd64.whl", hash = "sha256:ebc4ed52dcc93eeebeae5cf5deb2ae4347b3a81c3fa12b0b8c976544829396a4"},
    {file = "PyYAML-5.2-cp35-cp35m-win32.whl", hash = "sha256:38a4f0d114101c58c0f3a88aeaa44d63efd588845c5a2df5290b73db8f246d15"},
    {file = "PyYAML-5.2-cp35-cp35m-win_amd64.whl", hash = "sha256:483eb6a33b671408c8529106df3707270bfacb2447bf8ad856a4b4f57f6e3075"},
    {file = "PyYAML-5.2-cp36-cp36m-win32.whl", hash = "sha256:7f38e35c00e160db592091751d385cd7b3046d6d51f578b29943225178257b31"},
    {file = "PyYAML-5.2-cp36-cp36m-win_amd64.whl", hash = "sha256:0e7f69397d53155e55d10ff68fdfb2cf630a35e6daf65cf0bdeaf04f127c09dc"},
    {file = "PyYAML-5.2-cp37-cp37m-win32.whl", hash = "sha256:e4c015484ff0ff197564917b4b4246ca03f411b9bd7f16e02a2f586eb48b6d04"},
    {file = "PyYAML-5.2-cp37-cp37m-win_amd64.whl", hash = "sha256:4b6be5edb9f6bb73680f5bf4ee08ff25416d1400fbd4535fe0069b2994da07cd"},
    {file = "PyYAML-5.2-cp38-cp38-win32.whl", hash = "sha256:8100c896ecb361794d8bfdb9c11fce618c7cf83d624d73d5ab38aef3bc82d43f"},
    {file = "PyYAML-5.2-cp38-cp38-win_amd64.whl", hash = "sha256:2e9f0b7c5914367b0916c3c104a024bb68f269a486b9d04a2e8ac6f6597b7803"},
    {file = "PyYAML-5.2.tar.gz", hash = "sha256:c0ee8eca2c582d29c3c2ec6e2c4f703d1b7f1fb10bc72317355a746057e7346c"},
]
requests = [
    {file = "requests-2.22.0-py2.py3-none-any.whl", hash = "sha256:9cf5292fcd0f598c671cfc1e0d7d1a7f13bb8085e9a590f48c010551dc6c4b31"},
    {file = "requests-2.22.0.tar.gz", hash = "sha256:11e007a8a2aa0323f5a921e9e6a2d7e4e67d9877e85773fba9ba6419025cbeb4"},
]
scipy = [
    {file = "scipy-1.4.1-cp35-cp35m-macosx_10_6_intel.whl", hash = "sha256:c5cac0c0387272ee0e789e94a570ac51deb01c796b37fb2aad1fb13f85e2f97d"},
    {file = "scipy-1.4.1-cp35-cp35m-manylinux1_i686.whl", hash = "sha256:a144811318853a23d32a07bc7fd5561ff0cac5da643d96ed94a4ffe967d89672"},
    {file = "scipy-1.4.1-cp35-cp35m-manylinux1_x86_64.whl", hash = "sha256:71eb180f22c49066f25d6df16f8709f215723317cc951d99e54dc88020ea57be"},
    {file = "scipy-1.4.1-cp35-cp35m-win32.whl", hash = "sha256:770254a280d741dd3436919d47e35712fb081a6ff8bafc0f319382b954b77802"},
    {file = "scipy-1.4.1-cp35-cp35m-win_amd64.whl", hash = "sha256:a1aae70d52d0b074d8121333bc807a485f9f1e6a69742010b33780df2e60cfe0"},
    {file = "scipy-1.4.1-cp36-cp36m-macosx_10_6_intel.whl", hash = "sha256:bb517872058a1f087c4528e7429b4a44533a902644987e7b2fe35ecc223bc408"},
    {file = "scipy-1.4.1-cp36-cp36m-manylinux1_i686.whl", hash = "sha256:dba8306f6da99e37ea08c08fef6e274b5bf8567bb094d1dbe86a20e532aca088"},
    {file = "scipy-1.4.1-cp36-cp36m-manylinux1_x86_64.whl", hash = "sha256:386086e2972ed2db17cebf88610aab7d7f6e2c0ca30042dc9a89cf18dcc363fa"},
    {file = "scipy-1.4.1-cp36-cp36m-win32.whl", hash = "sha256:8d3bc3993b8e4be7eade6dcc6fd59a412d96d3a33fa42b0fa45dc9e24495ede9"},
    {file = "scipy-1.4.1-cp36-cp36m-win_amd64.whl", hash = "sha256:dc60bb302f48acf6da8ca4444cfa17d52c63c5415302a9ee77b3b21618090521"},
    {file = "scipy-1.4.1-cp37-cp37m-macosx_10_6_intel.whl", hash = "sha256:787cc50cab3020a865640aba3485e9fbd161d4d3b0d03a967df1a2881320512d"},
    {file = "scipy-1.4.1-cp37-cp37m-manylinux1_i686.whl", hash = "sha256:0902a620a381f101e184a958459b36d3ee50f5effd186db76e131cbefcbb96f7"},
    {file = "scipy-1.4.1-cp37-cp37m-manylinux1_x86_64.whl", hash = "sha256:00af72998a46c25bdb5824d2b729e7dabec0c765f9deb0b504f928591f5ff9d4"},
    {file = "scipy-1.4.1-cp37-cp37m-win32.whl", hash = "sha256:9508a7c628a165c2c835f2497837bf6ac80eb25291055f56c129df3c943cbaf8"},
    {file = "scipy-1.4.1-cp37-cp37m-win_amd64.whl", hash = "sha256:a2d6df9eb074af7f08866598e4ef068a2b310d98f87dc23bd1b90ec7bdcec802"},
    {file = "scipy-1.4.1-cp38-cp38-macosx_10_9_x86_64.whl", hash = "sha256:3092857f36b690a321a662fe5496cb816a7f4eecd875e1d36793d92d3f884073"},
    {file = "scipy-1.4.1-cp38-cp38-manylinux1_i686.whl", hash = "sha256:8a07760d5c7f3a92e440ad3aedcc98891e915ce857664282ae3c0220f3301eb6"},
    {file = "scipy-1.4.1-cp38-cp38-manylinux1_x86_64.whl", hash = "sha256:1e3190466d669d658233e8a583b854f6386dd62d655539b77b3fa25bfb2abb70"},
    {file = "scipy-1.4.1-cp38-cp38-win32.whl", hash = "sha256:cc971a82ea1170e677443108703a2ec9ff0f70752258d0e9f5433d00dda01f59"},
    {file = "scipy-1.4.1-cp38-cp38-win_amd64.whl", hash = "sha256:2cce3f9847a1a51019e8c5b47620da93950e58ebc611f13e0d11f4980ca5fecb"},
    {file = "scipy-1.4.1.tar.gz", hash = "sha256:dee1bbf3a6c8f73b6b218cb28eed8dd13347ea2f87d572ce19b289d6fd3fbc59"},
]
six = [
    {file = "six-1.13.0-py2.py3-none-any.whl", hash = "sha256:1f1b7d42e254082a9db6279deae68afb421ceba6158efa6131de7b3003ee93fd"},
    {file = "six-1.13.0.tar.gz", hash = "sha256:30f610279e8b2578cab6db20741130331735c781b56053c59c4076da27f06b66"},
]
urllib3 = [
    {file = "urllib3-1.25.7-py2.py3-none-any.whl", hash = "sha256:a8a318824cc77d1fd4b2bec2ded92646630d7fe8619497b142c84a9e6f5a7293"},
    {file = "urllib3-1.25.7.tar.gz", hash = "sha256:f3c5fd51747d450d4dcf6f923c81f78f811aab8205fda64b0aba34a4e48b0745"},
]
wcwidth = [
    {file = "wcwidth-0.1.7-py2.py3-none-any.whl", hash = "sha256:f4ebe71925af7b40a864553f761ed559b43544f8f71746c2d756c7fe788ade7c"},
    {file = "wcwidth-0.1.7.tar.gz", hash = "sha256:3df37372226d6e63e1b1e1eda15c594bca98a22d33a23832a90998faa96bc65e"},
]
zipp = [
    {file = "zipp-0.6.0-py2.py3-none-any.whl", hash = "sha256:f06903e9f1f43b12d371004b4ac7b06ab39a44adc747266928ae6debfa7b3335"},
    {file = "zipp-0.6.0.tar.gz", hash = "sha256:3718b1cbcd963c7d4c5511a8240812904164b7f381b647143a89d3b98f9bcd8e"},
]
